
Microsoft Visual Studio Solution File, Format Version 12.00
# Visual Studio Version 16
VisualStudioVersion = 16.0.29418.71
MinimumVisualStudioVersion = 10.0.40219.1
Project("{9A19103F-16F7-4668-BE54-9A1E7A4F7556}") = "KundensTerminal", "..\..\..\..\Desktop\KundensTerminal\KundensTerminal.csproj", "{4FF7ABC7-2352-4F89-99DE-737BC33DB3D9}"
EndProject
Project("{9A19103F-16F7-4668-BE54-9A1E7A4F7556}") = "KockTerminal_JC", "..\..\..\..\Desktop\KockTerminal_JC\KockTerminal_JC.csproj", "{82C132C5-478E-4CD6-8A5C-509237CBEC50}"
EndProject
Global
	GlobalSection(SolutionConfigurationPlatforms) = preSolution
		Debug|Any CPU = Debug|Any CPU
		Release|Any CPU = Release|Any CPU
	EndGlobalSection
	GlobalSection(ProjectConfigurationPlatforms) = postSolution
		{4FF7ABC7-2352-4F89-99DE-737BC33DB3D9}.Debug|Any CPU.ActiveCfg = Debug|Any CPU
		{4FF7ABC7-2352-4F89-99DE-737BC33DB3D9}.Debug|Any CPU.Build.0 = Debug|Any CPU
		{4FF7ABC7-2352-4F89-99DE-737BC33DB3D9}.Release|Any CPU.ActiveCfg = Release|Any CPU
		{4FF7ABC7-2352-4F89-99DE-737BC33DB3D9}.Release|Any CPU.Build.0 = Release|Any CPU
		{82C132C5-478E-4CD6-8A5C-509237CBEC50}.Debug|Any CPU.ActiveCfg = Debug|Any CPU
		{82C132C5-478E-4CD6-8A5C-509237CBEC50}.Debug|Any CPU.Build.0 = Debug|Any CPU
		{82C132C5-478E-4CD6-8A5C-509237CBEC50}.Release|Any CPU.ActiveCfg = Release|Any CPU
		{82C132C5-478E-4CD6-8A5C-509237CBEC50}.Release|Any CPU.Build.0 = Release|Any CPU
	EndGlobalSection
	GlobalSection(SolutionProperties) = preSolution
		HideSolutionNode = FALSE
	EndGlobalSection
	GlobalSection(ExtensibilityGlobals) = postSolution
		SolutionGuid = {E288FF6E-ADAC-42D2-ABD8-AB33FEB69A60}
	EndGlobalSection
EndGlobal
